<Solution>
  <Folder Name="/root/">
    <File Path=".github/CODEOWNERS" />
    <File Path=".github/workflows/cd.yml" />
    <File Path=".github/workflows/lint-openapi.yml" />
  </Folder>
  <Project Path="src/OpenAPI.WebClientGenerator/OpenAPI.WebClientGenerator.csproj" />
  <Project Path="tests/Example.OpenApi/Example.OpenApi.csproj" />
  <Project Path="tests/Example.OpenApi20.IntegrationTests/Example.OpenApi20.IntegrationTests.csproj" />
  <Project Path="tests/Example.OpenApi30.IntegrationTests/Example.OpenApi30.IntegrationTests.csproj" />
  <Project Path="tests/Example.OpenApi31.IntegrationTests/Example.OpenApi31.IntegrationTests.csproj" />
  <Project Path="tests/Example.OpenApi32.IntegrationTests/Example.OpenApi32.IntegrationTests.csproj" />
  <Project Path="tests/OpenAPI.WebClientGenerator.Tests/OpenAPI.WebClientGenerator.Tests.csproj" />
  <Project Path="tests/OpenAPI.IntegrationTestHelpers/OpenAPI.IntegrationTestHelpers.csproj" />
</Solution>
